
Microsoft Visual Studio Solution File, Format Version 12.00
# Visual Studio 2013
VisualStudioVersion = 12.0.31101.0
MinimumVisualStudioVersion = 10.0.40219.1
Project("{FAE04EC0-301F-11D3-BF4B-00C04F79EFBC}") = "Pdf417.Bindings", "Pdf417.Bindings\Pdf417.Bindings.csproj", "{DBCD227B-526E-45D6-9F21-0388D42A6FF3}"
EndProject
Global
	GlobalSection(SolutionConfigurationPlatforms) = preSolution
		Debug|Any CPU = Debug|Any CPU
		Release|Any CPU = Release|Any CPU
		UITest|Any CPU = UITest|Any CPU
	EndGlobalSection
	GlobalSection(ProjectConfigurationPlatforms) = postSolution
		{DBCD227B-526E-45D6-9F21-0388D42A6FF3}.Debug|Any CPU.ActiveCfg = Debug|Any CPU
		{DBCD227B-526E-45D6-9F21-0388D42A6FF3}.Debug|Any CPU.Build.0 = Debug|Any CPU
		{DBCD227B-526E-45D6-9F21-0388D42A6FF3}.Release|Any CPU.ActiveCfg = Release|Any CPU
		{DBCD227B-526E-45D6-9F21-0388D42A6FF3}.Release|Any CPU.Build.0 = Release|Any CPU
		{DBCD227B-526E-45D6-9F21-0388D42A6FF3}.UITest|Any CPU.ActiveCfg = UITest|Any CPU
		{DBCD227B-526E-45D6-9F21-0388D42A6FF3}.UITest|Any CPU.Build.0 = UITest|Any CPU
	EndGlobalSection
	GlobalSection(SolutionProperties) = preSolution
		HideSolutionNode = FALSE
	EndGlobalSection
EndGlobal
